
Microsoft Visual Studio Solution File, Format Version 11.00
# Visual Studio 2010
Project("{FAE04EC0-301F-11D3-BF4B-00C04F79EFBC}") = "ChartControl", "ChartControl\ChartControl.csproj", "{1280BA5D-C406-45C2-8450-3C463A9ADB92}"
EndProject
Global
	GlobalSection(SolutionConfigurationPlatforms) = preSolution
		Debug|Any CPU = Debug|Any CPU
		Release|Any CPU = Release|Any CPU
	EndGlobalSection
	GlobalSection(ProjectConfigurationPlatforms) = postSolution
		{1280BA5D-C406-45C2-8450-3C463A9ADB92}.Debug|Any CPU.ActiveCfg = Release|Any CPU
		{1280BA5D-C406-45C2-8450-3C463A9ADB92}.Debug|Any CPU.Build.0 = Release|Any CPU
		{1280BA5D-C406-45C2-8450-3C463A9ADB92}.Release|Any CPU.ActiveCfg = Release|Any CPU
		{1280BA5D-C406-45C2-8450-3C463A9ADB92}.Release|Any CPU.Build.0 = Release|Any CPU
	EndGlobalSection
	GlobalSection(SolutionProperties) = preSolution
		HideSolutionNode = FALSE
	EndGlobalSection
EndGlobal
